// !$*UTF8*$!
{
	archiveVersion = 1;
	classes = {
	};
	objectVersion = 46;
	objects = {

/* Begin PBXBuildFile section */
		BCECD6D41CDF691E00D05E88 /* AppDelegate.swift in Sources */ = {isa = PBXBuildFile; fileRef = BCECD6D31CDF691E00D05E88 /* AppDelegate.swift */; };
		BCECD6D61CDF691E00D05E88 /* ViewController.swift in Sources */ = {isa = PBXBuildFile; fileRef = BCECD6D51CDF691E00D05E88 /* ViewController.swift */; };
		BCECD6D91CDF691E00D05E88 /* Main.storyboard in Resources */ = {isa = PBXBuildFile; fileRef = BCECD6D71CDF691E00D05E88 /* Main.storyboard */; };
		BCECD6DB1CDF691E00D05E88 /* Assets.xcassets in Resources */ = {isa = PBXBuildFile; fileRef = BCECD6DA1CDF691E00D05E88 /* Assets.xcassets */; };
		BCECD6DE1CDF691E00D05E88 /* LaunchScreen.storyboard in Resources */ = {isa = PBXBuildFile; fileRef = BCECD6DC1CDF691E00D05E88 /* LaunchScreen.storyboard */; };
/* End PBXBuildFile section */

/* Begin PBXFileReference section */
		BCECD6D01CDF691E00D05E88 /* CustomFont.app */ = {isa = PBXFileReference; explicitFileType = wrapper.application; includeInIndex = 0; path = CustomFont.app; sourceTree = BUILT_PRODUCTS_DIR; };
		BCECD6D31CDF691E00D05E88 /* AppDelegate.swift */ = {isa = PBXFileReference; lastKnownFileType = sourcecode.swift; path = AppDelegate.swift; sourceTree = "<group>"; };
		BCECD6D51CDF691E00D05E88 /* ViewController.swift */ = {isa = PBXFileReference; lastKnownFileType = sourcecode.swift; path = ViewController.swift; sourceTree = "<group>"; };
		BCECD6D81CDF691E00D05E88 /* Base */ = {isa = PBXFileReference; lastKnownFileType = file.storyboard; name = Base; path = Base.lproj/Main.storyboard; sourceTree = "<group>"; };
		BCECD6DA1CDF691E00D05E88 /* Assets.xcassets */ = {isa = PBXFileReference; lastKnownFileType = folder.assetcatalog; path = Assets.xcassets; sourceTree = "<group>"; };
		BCECD6DD1CDF691E00D05E88 /* Base */ = {isa = PBXFileReference; lastKnownFileType = file.storyboard; name = Base; path = Base.lproj/LaunchScreen.storyboard; sourceTree = "<group>"; };
		BCECD6DF1CDF691E00D05E88 /* Info.plist */ = {isa = PBXFileReference; lastKnownFileType = text.plist.xml; path = Info.plist; sourceTree = "<group>"; };
/* End PBXFileReference section */

/* Begin PBXFrameworksBuildPhase section */
		BCECD6CD1CDF691E00D05E88 /* Frameworks */ = {
			isa = PBXFrameworksBuildPhase;
			buildActionMask = 2147483647;
			files = (
			);
			runOnlyForDeploymentPostprocessing = 0;
		};
/* End PBXFrameworksBuildPhase section */

/* Begin PBXGroup section */
		BCECD6C71CDF691E00D05E88 = {
			isa = PBXGroup;
			children = (
				BCECD6D21CDF691E00D05E88 /* CustomFont */,
				BCECD6D11CDF691E00D05E88 /* Products */,
			);
			sourceTree = "<group>";
		};
		BCECD6D11CDF691E00D05E88 /* Products */ = {
			isa = PBXGroup;
			children = (
				BCECD6D01CDF691E00D05E88 /* CustomFont.app */,
			);
			name = Products;
			sourceTree = "<group>";
		};
		BCECD6D21CDF691E00D05E88 /* CustomFont */ = {
			isa = PBXGroup;
			children = (
				BCECD6D31CDF691E00D05E88 /* AppDelegate.swift */,
				BCECD6D51CDF691E00D05E88 /* ViewController.swift */,
				BCECD6D71CDF691E00D05E88 /* Main.storyboard */,
				BCECD6DA1CDF691E00D05E88 /* Assets.xcassets */,
				BCECD6DC1CDF691E00D05E88 /* LaunchScreen.storyboard */,
				BCECD6DF1CDF691E00D05E88 /* Info.plist */,
			);
			path = CustomFont;
			sourceTree = "<group>";
		};
/* End PBXGroup section */

/* Begin PBXNativeTarget section */
		BCECD6CF1CDF691E00D05E88 /* CustomFont */ = {
			isa = PBXNativeTarget;
			buildConfigurationList = BCECD6E21CDF691E00D05E88 /* Build configuration list for PBXNativeTarget "CustomFont" */;
			buildPhases = (
				BCECD6CC1CDF691E00D05E88 /* Sources */,
				BCECD6CD1CDF691E00D05E88 /* Frameworks */,
				BCECD6CE1CDF691E00D05E88 /* Resources */,
			);
			buildRules = (
			);
			dependencies = (
			);
			name = CustomFont;
			productName = CustomFont;
			productReference = BCECD6D01CDF691E00D05E88 /* CustomFont.app */;
			productType = "com.apple.product-type.application";
		};
/* End PBXNativeTarget section */

/* Begin PBXProject section */
		BCECD6C81CDF691E00D05E88 /* Project object */ = {
			isa = PBXProject;
			attributes = {
				LastSwiftUpdateCheck = 0720;
				LastUpgradeCheck = 0720;
				ORGANIZATIONNAME = morita;
				TargetAttributes = {
					BCECD6CF1CDF691E00D05E88 = {
						CreatedOnToolsVersion = 7.2.1;
						DevelopmentTeam = M8SEELVUU5;
					};
				};
			};
			buildConfigurationList = BCECD6CB1CDF691E00D05E88 /* Build configuration list for PBXProject "CustomFont" */;
			compatibilityVersion = "Xcode 3.2";
			developmentRegion = English;
			hasScannedForEncodings = 0;
			knownRegions = (
				en,
				Base,
			);
			mainGroup = BCECD6C71CDF691E00D05E88;
			productRefGroup = BCECD6D11CDF691E00D05E88 /* Products */;
			projectDirPath = "";
			projectRoot = "";
			targets = (
				BCECD6CF1CDF691E00D05E88 /* CustomFont */,
			);
		};
/* End PBXProject section */

/* Begin PBXResourcesBuildPhase section */
		BCECD6CE1CDF691E00D05E88 /* Resources */ = {
			isa = PBXResourcesBuildPhase;
			buildActionMask = 2147483647;
			files = (
				BCECD6DE1CDF691E00D05E88 /* LaunchScreen.storyboard in Resources */,
				BCECD6DB1CDF691E00D05E88 /* Assets.xcassets in Resources */,
				BCECD6D91CDF691E00D05E88 /* Main.storyboard in Resources */,
			);
			runOnlyForDeploymentPostprocessing = 0;
		};
/* End PBXResourcesBuildPhase section */

/* Begin PBXSourcesBuildPhase section */
		BCECD6CC1CDF691E00D05E88 /* Sources */ = {
			isa = PBXSourcesBuildPhase;
			buildActionMask = 2147483647;
			files = (
				BCECD6D61CDF691E00D05E88 /* ViewController.swift in Sources */,
				BCECD6D41CDF691E00D05E88 /* AppDelegate.swift in Sources */,
			);
			runOnlyForDeploymentPostprocessing = 0;
		};
/* End PBXSourcesBuildPhase section */

/* Begin PBXVariantGroup section */
		BCECD6D71CDF691E00D05E88 /* Main.storyboard */ = {
			isa = PBXVariantGroup;
			children = (
				BCECD6D81CDF691E00D05E88 /* Base */,
			);
			name = Main.storyboard;
			sourceTree = "<group>";
		};
		BCECD6DC1CDF691E00D05E88 /* LaunchScreen.storyboard */ = {
			isa = PBXVariantGroup;
			children = (
				BCECD6DD1CDF691E00D05E88 /* Base */,
			);
			name = LaunchScreen.storyboard;
			sourceTree = "<group>";
		};
/* End PBXVariantGroup section */

/* Begin XCBuildConfiguration section */
		BCECD6E01CDF691E00D05E88 /* Debug */ = {
			isa = XCBuildConfiguration;
			buildSettings = {
				ALWAYS_SEARCH_USER_PATHS = NO;
				CLANG_CXX_LANGUAGE_STANDARD = "gnu++0x";
				CLANG_CXX_LIBRARY = "libc++";
				CLANG_ENABLE_MODULES = YES;
				CLANG_ENABLE_OBJC_ARC = YES;
				CLANG_WARN_BOOL_CONVERSION = YES;
				CLANG_WARN_CONSTANT_CONVERSION = YES;
				CLANG_WARN_DIRECT_OBJC_ISA_USAGE = YES_ERROR;
				CLANG_WARN_EMPTY_BODY = YES;
				CLANG_WARN_ENUM_CONVERSION = YES;
				CLANG_WARN_INT_CONVERSION = YES;
				CLANG_WARN_OBJC_ROOT_CLASS = YES_ERROR;
				CLANG_WARN_UNREACHABLE_CODE = YES;
				CLANG_WARN__DUPLICATE_METHOD_MATCH = YES;
				"CODE_SIGN_IDENTITY[sdk=iphoneos*]" = "iPhone Developer";
				COPY_PHASE_STRIP = NO;
				DEBUG_INFORMATION_FORMAT = dwarf;
				ENABLE_STRICT_OBJC_MSGSEND = YES;
				ENABLE_TESTABILITY = YES;
				GCC_C_LANGUAGE_STANDARD = gnu99;
				GCC_DYNAMIC_NO_PIC = NO;
				GCC_NO_COMMON_BLOCKS = YES;
				GCC_OPTIMIZATION_LEVEL = 0;
				GCC_PREPROCESSOR_DEFINITIONS = (
					"DEBUG=1",
					"$(inherited)",
				);
				GCC_WARN_64_TO_32_BIT_CONVERSION = YES;
				GCC_WARN_ABOUT_RETURN_TYPE = YES_ERROR;
				GCC_WARN_UNDECLARED_SELECTOR = YES;
				GCC_WARN_UNINITIALIZED_AUTOS = YES_AGGRESSIVE;
				GCC_WARN_UNUSED_FUNCTION = YES;
				GCC_WARN_UNUSED_VARIABLE = YES;
				IPHONEOS_DEPLOYMENT_TARGET = 9.2;
				MTL_ENABLE_DEBUG_INFO = YES;
				ONLY_ACTIVE_ARCH = YES;
				SDKROOT = iphoneos;
				SWIFT_OPTIMIZATION_LEVEL = "-Onone";
			};
			name = Debug;
		};
		BCECD6E11CDF691E00D05E88 /* Release */ = {
			isa = XCBuildConfiguration;
			buildSettings = {
				ALWAYS_SEARCH_USER_PATHS = NO;
				CLANG_CXX_LANGUAGE_STANDARD = "gnu++0x";
				CLANG_CXX_LIBRARY = "libc++";
				CLANG_ENABLE_MODULES = YES;
				CLANG_ENABLE_OBJC_ARC = YES;
				CLANG_WARN_BOOL_CONVERSION = YES;
				CLANG_WARN_CONSTANT_CONVERSION = YES;
				CLANG_WARN_DIRECT_OBJC_ISA_USAGE = YES_ERROR;
				CLANG_WARN_EMPTY_BODY = YES;
				CLANG_WARN_ENUM_CONVERSION = YES;
				CLANG_WARN_INT_CONVERSION = YES;
				CLANG_WARN_OBJC_ROOT_CLASS = YES_ERROR;
				CLANG_WARN_UNREACHABLE_CODE = YES;
				CLANG_WARN__DUPLICATE_METHOD_MATCH = YES;
				"CODE_SIGN_IDENTITY[sdk=iphoneos*]" = "iPhone Developer";
				COPY_PHASE_STRIP = NO;
				DEBUG_INFORMATION_FORMAT = "dwarf-with-dsym";
				ENABLE_NS_ASSERTIONS = NO;
				ENABLE_STRICT_OBJC_MSGSEND = YES;
				GCC_C_LANGUAGE_STANDARD = gnu99;
				GCC_NO_COMMON_BLOCKS = YES;
				GCC_WARN_64_TO_32_BIT_CONVERSION = YES;
				GCC_WARN_ABOUT_RETURN_TYPE = YES_ERROR;
				GCC_WARN_UNDECLARED_SELECTOR = YES;
				GCC_WARN_UNINITIALIZED_AUTOS = YES_AGGRESSIVE;
				GCC_WARN_UNUSED_FUNCTION = YES;
				GCC_WARN_UNUSED_VARIABLE = YES;
				IPHONEOS_DEPLOYMENT_TARGET = 9.2;
				MTL_ENABLE_DEBUG_INFO = NO;
				SDKROOT = iphoneos;
				VALIDATE_PRODUCT = YES;
			};
			name = Release;
		};
		BCECD6E31CDF691E00D05E88 /* Debug */ = {
			isa = XCBuildConfiguration;
			buildSettings = {
				ASSETCATALOG_COMPILER_APPICON_NAME = AppIcon;
				INFOPLIST_FILE = CustomFont/Info.plist;
				LD_RUNPATH_SEARCH_PATHS = "$(inherited) @executable_path/Frameworks";
				PRODUCT_BUNDLE_IDENTIFIER = jp.alfa.CustomFont;
				PRODUCT_NAME = "$(TARGET_NAME)";
			};
			name = Debug;
		};
		BCECD6E41CDF691E00D05E88 /* Release */ = {
			isa = XCBuildConfiguration;
			buildSettings = {
				ASSETCATALOG_COMPILER_APPICON_NAME = AppIcon;
				INFOPLIST_FILE = CustomFont/Info.plist;
				LD_RUNPATH_SEARCH_PATHS = "$(inherited) @executable_path/Frameworks";
				PRODUCT_BUNDLE_IDENTIFIER = jp.alfa.CustomFont;
				PRODUCT_NAME = "$(TARGET_NAME)";
			};
			name = Release;
		};
/* End XCBuildConfiguration section */

/* Begin XCConfigurationList section */
		BCECD6CB1CDF691E00D05E88 /* Build configuration list for PBXProject "CustomFont" */ = {
			isa = XCConfigurationList;
			buildConfigurations = (
				BCECD6E01CDF691E00D05E88 /* Debug */,
				BCECD6E11CDF691E00D05E88 /* Release */,
			);
			defaultConfigurationIsVisible = 0;
			defaultConfigurationName = Release;
		};
		BCECD6E21CDF691E00D05E88 /* Build configuration list for PBXNativeTarget "CustomFont" */ = {
			isa = XCConfigurationList;
			buildConfigurations = (
				BCECD6E31CDF691E00D05E88 /* Debug */,
				BCECD6E41CDF691E00D05E88 /* Release */,
			);
			defaultConfigurationIsVisible = 0;
		};
/* End XCConfigurationList section */
	};
	rootObject = BCECD6C81CDF691E00D05E88 /* Project object */;
}
